// !$*UTF8*$!
{
	archiveVersion = 1;
	classes = {
	};
	objectVersion = 46;
	objects = {

/* Begin PBXBuildFile section */
		2C3C3AC31B66406500DE65EA /* MJRefreshComponent.m in Sources */ = {isa = PBXBuildFile; fileRef = 2C3C3AAE1B66406500DE65EA /* MJRefreshComponent.m */; };
		2C3C3AC41B66406500DE65EA /* MJRefreshConst.m in Sources */ = {isa = PBXBuildFile; fileRef = 2C3C3AB01B66406500DE65EA /* MJRefreshConst.m */; };
		2C3C3AC51B66406500DE65EA /* MJRefreshFooter.m in Sources */ = {isa = PBXBuildFile; fileRef = 2C3C3AB21B66406500DE65EA /* MJRefreshFooter.m */; };
		2C3C3AC61B66406500DE65EA /* MJRefreshGifFooter.m in Sources */ = {isa = PBXBuildFile; fileRef = 2C3C3AB41B66406500DE65EA /* MJRefreshGifFooter.m */; };
		2C3C3AC71B66406500DE65EA /* MJRefreshGifHeader.m in Sources */ = {isa = PBXBuildFile; fileRef = 2C3C3AB61B66406500DE65EA /* MJRefreshGifHeader.m */; };
		2C3C3AC81B66406500DE65EA /* MJRefreshHeader.m in Sources */ = {isa = PBXBuildFile; fileRef = 2C3C3AB81B66406500DE65EA /* MJRefreshHeader.m */; };
		2C3C3AC91B66406500DE65EA /* MJRefreshLegendFooter.m in Sources */ = {isa = PBXBuildFile; fileRef = 2C3C3ABA1B66406500DE65EA /* MJRefreshLegendFooter.m */; };
		2C3C3ACA1B66406500DE65EA /* MJRefreshLegendHeader.m in Sources */ = {isa = PBXBuildFile; fileRef = 2C3C3ABC1B66406500DE65EA /* MJRefreshLegendHeader.m */; };
		2C3C3ACB1B66406500DE65EA /* UIScrollView+MJExtension.m in Sources */ = {isa = PBXBuildFile; fileRef = 2C3C3ABE1B66406500DE65EA /* UIScrollView+MJExtension.m */; };
		2C3C3ACC1B66406500DE65EA /* UIScrollView+MJRefresh.m in Sources */ = {isa = PBXBuildFile; fileRef = 2C3C3AC01B66406500DE65EA /* UIScrollView+MJRefresh.m */; };
		2C3C3ACD1B66406500DE65EA /* UIView+MJExtension.m in Sources */ = {isa = PBXBuildFile; fileRef = 2C3C3AC21B66406500DE65EA /* UIView+MJExtension.m */; };
		2C3C3ACF1B66407600DE65EA /* MJRefresh.bundle in Resources */ = {isa = PBXBuildFile; fileRef = 2C3C3ACE1B66407600DE65EA /* MJRefresh.bundle */; };
		2C3C3AD31B66409800DE65EA /* ProgressHUD.m in Sources */ = {isa = PBXBuildFile; fileRef = 2C3C3AD01B66409800DE65EA /* ProgressHUD.m */; };
		2C3C3AD41B66409800DE65EA /* ProgressHUD.bundle in Resources */ = {isa = PBXBuildFile; fileRef = 2C3C3AD21B66409800DE65EA /* ProgressHUD.bundle */; };
		2C3C3ADD1B6640F700DE65EA /* XHPathCover.m in Sources */ = {isa = PBXBuildFile; fileRef = 2C3C3AD81B6640F700DE65EA /* XHPathCover.m */; };
		2C3C3ADE1B6640F700DE65EA /* XHSoundManager.m in Sources */ = {isa = PBXBuildFile; fileRef = 2C3C3ADA1B6640F700DE65EA /* XHSoundManager.m */; };
		2C3C3ADF1B6640F700DE65EA /* XHWaterDropRefresh.m in Sources */ = {isa = PBXBuildFile; fileRef = 2C3C3ADC1B6640F700DE65EA /* XHWaterDropRefresh.m */; };
		2C3C3AE11B66422000DE65EA /* MsgTableViewController.swift in Sources */ = {isa = PBXBuildFile; fileRef = 2C3C3AE01B66422000DE65EA /* MsgTableViewController.swift */; };
		2C9E6C761B6479CB009FD9D1 /* WebViewController.swift in Sources */ = {isa = PBXBuildFile; fileRef = 2C9E6C751B6479CB009FD9D1 /* WebViewController.swift */; };
		2CBEF9491B6468C600573B3B /* AppDelegate.swift in Sources */ = {isa = PBXBuildFile; fileRef = 2CBEF9481B6468C600573B3B /* AppDelegate.swift */; };
		2CBEF94B1B6468C600573B3B /* ViewController.swift in Sources */ = {isa = PBXBuildFile; fileRef = 2CBEF94A1B6468C600573B3B /* ViewController.swift */; };
		2CBEF94E1B6468C600573B3B /* Main.storyboard in Resources */ = {isa = PBXBuildFile; fileRef = 2CBEF94C1B6468C600573B3B /* Main.storyboard */; };
		2CBEF9511B6468C600573B3B /* chongwuguanjia.xcdatamodeld in Sources */ = {isa = PBXBuildFile; fileRef = 2CBEF94F1B6468C600573B3B /* chongwuguanjia.xcdatamodeld */; };
		2CBEF9531B6468C600573B3B /* Assets.xcassets in Resources */ = {isa = PBXBuildFile; fileRef = 2CBEF9521B6468C600573B3B /* Assets.xcassets */; };
		2CBEF9561B6468C600573B3B /* LaunchScreen.storyboard in Resources */ = {isa = PBXBuildFile; fileRef = 2CBEF9541B6468C600573B3B /* LaunchScreen.storyboard */; };
		2CBEF95E1B6469EC00573B3B /* PetsViewController.swift in Sources */ = {isa = PBXBuildFile; fileRef = 2CBEF95D1B6469EC00573B3B /* PetsViewController.swift */; };
		2CBEF9601B646BB800573B3B /* Podfile in Resources */ = {isa = PBXBuildFile; fileRef = 2CBEF95F1B646BB800573B3B /* Podfile */; };
		FC6FEAB5A886E1C6A1E33EE0 /* libPods.a in Frameworks */ = {isa = PBXBuildFile; fileRef = 6BACF9AF579F1E89D438F0DD /* libPods.a */; };
/* End PBXBuildFile section */

/* Begin PBXFileReference section */
		13B4545A2AAA8159E804AC82 /* Pods.debug.xcconfig */ = {isa = PBXFileReference; includeInIndex = 1; lastKnownFileType = text.xcconfig; name = Pods.debug.xcconfig; path = "Pods/Target Support Files/Pods/Pods.debug.xcconfig"; sourceTree = "<group>"; };
		2C3C3AAC1B66406500DE65EA /* MJRefresh.h */ = {isa = PBXFileReference; fileEncoding = 4; lastKnownFileType = sourcecode.c.h; path = MJRefresh.h; sourceTree = "<group>"; };
		2C3C3AAD1B66406500DE65EA /* MJRefreshComponent.h */ = {isa = PBXFileReference; fileEncoding = 4; lastKnownFileType = sourcecode.c.h; path = MJRefreshComponent.h; sourceTree = "<group>"; };
		2C3C3AAE1B66406500DE65EA /* MJRefreshComponent.m */ = {isa = PBXFileReference; fileEncoding = 4; lastKnownFileType = sourcecode.c.objc; path = MJRefreshComponent.m; sourceTree = "<group>"; };
		2C3C3AAF1B66406500DE65EA /* MJRefreshConst.h */ = {isa = PBXFileReference; fileEncoding = 4; lastKnownFileType = sourcecode.c.h; path = MJRefreshConst.h; sourceTree = "<group>"; };
		2C3C3AB01B66406500DE65EA /* MJRefreshConst.m */ = {isa = PBXFileReference; fileEncoding = 4; lastKnownFileType = sourcecode.c.objc; path = MJRefreshConst.m; sourceTree = "<group>"; };
		2C3C3AB11B66406500DE65EA /* MJRefreshFooter.h */ = {isa = PBXFileReference; fileEncoding = 4; lastKnownFileType = sourcecode.c.h; path = MJRefreshFooter.h; sourceTree = "<group>"; };
		2C3C3AB21B66406500DE65EA /* MJRefreshFooter.m */ = {isa = PBXFileReference; fileEncoding = 4; lastKnownFileType = sourcecode.c.objc; path = MJRefreshFooter.m; sourceTree = "<group>"; };
		2C3C3AB31B66406500DE65EA /* MJRefreshGifFooter.h */ = {isa = PBXFileReference; fileEncoding = 4; lastKnownFileType = sourcecode.c.h; path = MJRefreshGifFooter.h; sourceTree = "<group>"; };
		2C3C3AB41B66406500DE65EA /* MJRefreshGifFooter.m */ = {isa = PBXFileReference; fileEncoding = 4; lastKnownFileType = sourcecode.c.objc; path = MJRefreshGifFooter.m; sourceTree = "<group>"; };
		2C3C3AB51B66406500DE65EA /* MJRefreshGifHeader.h */ = {isa = PBXFileReference; fileEncoding = 4; lastKnownFileType = sourcecode.c.h; path = MJRefreshGifHeader.h; sourceTree = "<group>"; };
		2C3C3AB61B66406500DE65EA /* MJRefreshGifHeader.m */ = {isa = PBXFileReference; fileEncoding = 4; lastKnownFileType = sourcecode.c.objc; path = MJRefreshGifHeader.m; sourceTree = "<group>"; };
		2C3C3AB71B66406500DE65EA /* MJRefreshHeader.h */ = {isa = PBXFileReference; fileEncoding = 4; lastKnownFileType = sourcecode.c.h; path = MJRefreshHeader.h; sourceTree = "<group>"; };
		2C3C3AB81B66406500DE65EA /* MJRefreshHeader.m */ = {isa = PBXFileReference; fileEncoding = 4; lastKnownFileType = sourcecode.c.objc; path = MJRefreshHeader.m; sourceTree = "<group>"; };
		2C3C3AB91B66406500DE65EA /* MJRefreshLegendFooter.h */ = {isa = PBXFileReference; fileEncoding = 4; lastKnownFileType = sourcecode.c.h; path = MJRefreshLegendFooter.h; sourceTree = "<group>"; };
		2C3C3ABA1B66406500DE65EA /* MJRefreshLegendFooter.m */ = {isa = PBXFileReference; fileEncoding = 4; lastKnownFileType = sourcecode.c.objc; path = MJRefreshLegendFooter.m; sourceTree = "<group>"; };
		2C3C3ABB1B66406500DE65EA /* MJRefreshLegendHeader.h */ = {isa = PBXFileReference; fileEncoding = 4; lastKnownFileType = sourcecode.c.h; path = MJRefreshLegendHeader.h; sourceTree = "<group>"; };
		2C3C3ABC1B66406500DE65EA /* MJRefreshLegendHeader.m */ = {isa = PBXFileReference; fileEncoding = 4; lastKnownFileType = sourcecode.c.objc; path = MJRefreshLegendHeader.m; sourceTree = "<group>"; };
		2C3C3ABD1B66406500DE65EA /* UIScrollView+MJExtension.h */ = {isa = PBXFileReference; fileEncoding = 4; lastKnownFileType = sourcecode.c.h; path = "UIScrollView+MJExtension.h"; sourceTree = "<group>"; };
		2C3C3ABE1B66406500DE65EA /* UIScrollView+MJExtension.m */ = {isa = PBXFileReference; fileEncoding = 4; lastKnownFileType = sourcecode.c.objc; path = "UIScrollView+MJExtension.m"; sourceTree = "<group>"; };
		2C3C3ABF1B66406500DE65EA /* UIScrollView+MJRefresh.h */ = {isa = PBXFileReference; fileEncoding = 4; lastKnownFileType = sourcecode.c.h; path = "UIScrollView+MJRefresh.h"; sourceTree = "<group>"; };
		2C3C3AC01B66406500DE65EA /* UIScrollView+MJRefresh.m */ = {isa = PBXFileReference; fileEncoding = 4; lastKnownFileType = sourcecode.c.objc; path = "UIScrollView+MJRefresh.m"; sourceTree = "<group>"; };
		2C3C3AC11B66406500DE65EA /* UIView+MJExtension.h */ = {isa = PBXFileReference; fileEncoding = 4; lastKnownFileType = sourcecode.c.h; path = "UIView+MJExtension.h"; sourceTree = "<group>"; };
		2C3C3AC21B66406500DE65EA /* UIView+MJExtension.m */ = {isa = PBXFileReference; fileEncoding = 4; lastKnownFileType = sourcecode.c.objc; path = "UIView+MJExtension.m"; sourceTree = "<group>"; };
		2C3C3ACE1B66407600DE65EA /* MJRefresh.bundle */ = {isa = PBXFileReference; lastKnownFileType = "wrapper.plug-in"; path = MJRefresh.bundle; sourceTree = "<group>"; };
		2C3C3AD01B66409800DE65EA /* ProgressHUD.m */ = {isa = PBXFileReference; fileEncoding = 4; lastKnownFileType = sourcecode.c.objc; path = ProgressHUD.m; sourceTree = "<group>"; };
		2C3C3AD11B66409800DE65EA /* ProgressHUD.h */ = {isa = PBXFileReference; fileEncoding = 4; lastKnownFileType = sourcecode.c.h; path = ProgressHUD.h; sourceTree = "<group>"; };
		2C3C3AD21B66409800DE65EA /* ProgressHUD.bundle */ = {isa = PBXFileReference; lastKnownFileType = "wrapper.plug-in"; path = ProgressHUD.bundle; sourceTree = "<group>"; };
		2C3C3AD71B6640F700DE65EA /* XHPathCover.h */ = {isa = PBXFileReference; fileEncoding = 4; lastKnownFileType = sourcecode.c.h; path = XHPathCover.h; sourceTree = "<group>"; };
		2C3C3AD81B6640F700DE65EA /* XHPathCover.m */ = {isa = PBXFileReference; fileEncoding = 4; lastKnownFileType = sourcecode.c.objc; path = XHPathCover.m; sourceTree = "<group>"; };
		2C3C3AD91B6640F700DE65EA /* XHSoundManager.h */ = {isa = PBXFileReference; fileEncoding = 4; lastKnownFileType = sourcecode.c.h; path = XHSoundManager.h; sourceTree = "<group>"; };
		2C3C3ADA1B6640F700DE65EA /* XHSoundManager.m */ = {isa = PBXFileReference; fileEncoding = 4; lastKnownFileType = sourcecode.c.objc; path = XHSoundManager.m; sourceTree = "<group>"; };
		2C3C3ADB1B6640F700DE65EA /* XHWaterDropRefresh.h */ = {isa = PBXFileReference; fileEncoding = 4; lastKnownFileType = sourcecode.c.h; path = XHWaterDropRefresh.h; sourceTree = "<group>"; };
		2C3C3ADC1B6640F700DE65EA /* XHWaterDropRefresh.m */ = {isa = PBXFileReference; fileEncoding = 4; lastKnownFileType = sourcecode.c.objc; path = XHWaterDropRefresh.m; sourceTree = "<group>"; };
		2C3C3AE01B66422000DE65EA /* MsgTableViewController.swift */ = {isa = PBXFileReference; fileEncoding = 4; lastKnownFileType = sourcecode.swift; path = MsgTableViewController.swift; sourceTree = "<group>"; };
		2C9E6C751B6479CB009FD9D1 /* WebViewController.swift */ = {isa = PBXFileReference; fileEncoding = 4; lastKnownFileType = sourcecode.swift; path = WebViewController.swift; sourceTree = "<group>"; };
		2CBEF9451B6468C600573B3B /* chongwuguanjia.app */ = {isa = PBXFileReference; explicitFileType = wrapper.application; includeInIndex = 0; path = chongwuguanjia.app; sourceTree = BUILT_PRODUCTS_DIR; };
		2CBEF9481B6468C600573B3B /* AppDelegate.swift */ = {isa = PBXFileReference; lastKnownFileType = sourcecode.swift; path = AppDelegate.swift; sourceTree = "<group>"; };
		2CBEF94A1B6468C600573B3B /* ViewController.swift */ = {isa = PBXFileReference; lastKnownFileType = sourcecode.swift; path = ViewController.swift; sourceTree = "<group>"; };
		2CBEF94D1B6468C600573B3B /* Base */ = {isa = PBXFileReference; lastKnownFileType = file.storyboard; name = Base; path = Base.lproj/Main.storyboard; sourceTree = "<group>"; };
		2CBEF9501B6468C600573B3B /* chongwuguanjia.xcdatamodel */ = {isa = PBXFileReference; lastKnownFileType = wrapper.xcdatamodel; path = chongwuguanjia.xcdatamodel; sourceTree = "<group>"; };
		2CBEF9521B6468C600573B3B /* Assets.xcassets */ = {isa = PBXFileReference; lastKnownFileType = folder.assetcatalog; path = Assets.xcassets; sourceTree = "<group>"; };
		2CBEF9551B6468C600573B3B /* Base */ = {isa = PBXFileReference; lastKnownFileType = file.storyboard; name = Base; path = Base.lproj/LaunchScreen.storyboard; sourceTree = "<group>"; };
		2CBEF9571B6468C600573B3B /* Info.plist */ = {isa = PBXFileReference; lastKnownFileType = text.plist.xml; path = Info.plist; sourceTree = "<group>"; };
		2CBEF95D1B6469EC00573B3B /* PetsViewController.swift */ = {isa = PBXFileReference; fileEncoding = 4; lastKnownFileType = sourcecode.swift; path = PetsViewController.swift; sourceTree = "<group>"; };
		2CBEF95F1B646BB800573B3B /* Podfile */ = {isa = PBXFileReference; fileEncoding = 4; lastKnownFileType = text; path = Podfile; sourceTree = "<group>"; };
		2CBEF9611B646D3400573B3B /* chongwuguanjia-Bridging-Header.h */ = {isa = PBXFileReference; lastKnownFileType = sourcecode.c.h; path = "chongwuguanjia-Bridging-Header.h"; sourceTree = "<group>"; };
		6BACF9AF579F1E89D438F0DD /* libPods.a */ = {isa = PBXFileReference; explicitFileType = archive.ar; includeInIndex = 0; path = libPods.a; sourceTree = BUILT_PRODUCTS_DIR; };
		902AB8479792052A90F09A87 /* Pods.release.xcconfig */ = {isa = PBXFileReference; includeInIndex = 1; lastKnownFileType = text.xcconfig; name = Pods.release.xcconfig; path = "Pods/Target Support Files/Pods/Pods.release.xcconfig"; sourceTree = "<group>"; };
/* End PBXFileReference section */

/* Begin PBXFrameworksBuildPhase section */
		2CBEF9421B6468C600573B3B /* Frameworks */ = {
			isa = PBXFrameworksBuildPhase;
			buildActionMask = 2147483647;
			files = (
				FC6FEAB5A886E1C6A1E33EE0 /* libPods.a in Frameworks */,
			);
			runOnlyForDeploymentPostprocessing = 0;
		};
/* End PBXFrameworksBuildPhase section */

/* Begin PBXGroup section */
		2C3C3AAB1B66402800DE65EA /* MJRefresh */ = {
			isa = PBXGroup;
			children = (
				2C3C3ACE1B66407600DE65EA /* MJRefresh.bundle */,
				2C3C3AAC1B66406500DE65EA /* MJRefresh.h */,
				2C3C3AAD1B66406500DE65EA /* MJRefreshComponent.h */,
				2C3C3AAE1B66406500DE65EA /* MJRefreshComponent.m */,
				2C3C3AAF1B66406500DE65EA /* MJRefreshConst.h */,
				2C3C3AB01B66406500DE65EA /* MJRefreshConst.m */,
				2C3C3AB11B66406500DE65EA /* MJRefreshFooter.h */,
				2C3C3AB21B66406500DE65EA /* MJRefreshFooter.m */,
				2C3C3AB31B66406500DE65EA /* MJRefreshGifFooter.h */,
				2C3C3AB41B66406500DE65EA /* MJRefreshGifFooter.m */,
				2C3C3AB51B66406500DE65EA /* MJRefreshGifHeader.h */,
				2C3C3AB61B66406500DE65EA /* MJRefreshGifHeader.m */,
				2C3C3AB71B66406500DE65EA /* MJRefreshHeader.h */,
				2C3C3AB81B66406500DE65EA /* MJRefreshHeader.m */,
				2C3C3AB91B66406500DE65EA /* MJRefreshLegendFooter.h */,
				2C3C3ABA1B66406500DE65EA /* MJRefreshLegendFooter.m */,
				2C3C3ABB1B66406500DE65EA /* MJRefreshLegendHeader.h */,
				2C3C3ABC1B66406500DE65EA /* MJRefreshLegendHeader.m */,
				2C3C3ABD1B66406500DE65EA /* UIScrollView+MJExtension.h */,
				2C3C3ABE1B66406500DE65EA /* UIScrollView+MJExtension.m */,
				2C3C3ABF1B66406500DE65EA /* UIScrollView+MJRefresh.h */,
				2C3C3AC01B66406500DE65EA /* UIScrollView+MJRefresh.m */,
				2C3C3AC11B66406500DE65EA /* UIView+MJExtension.h */,
				2C3C3AC21B66406500DE65EA /* UIView+MJExtension.m */,
			);
			name = MJRefresh;
			sourceTree = "<group>";
		};
		2C3C3AD51B6640C600DE65EA /* ProgressHUD */ = {
			isa = PBXGroup;
			children = (
				2C3C3AD01B66409800DE65EA /* ProgressHUD.m */,
				2C3C3AD11B66409800DE65EA /* ProgressHUD.h */,
				2C3C3AD21B66409800DE65EA /* ProgressHUD.bundle */,
			);
			name = ProgressHUD;
			sourceTree = "<group>";
		};
		2C3C3AD61B6640DD00DE65EA /* PathCover */ = {
			isa = PBXGroup;
			children = (
				2C3C3AD71B6640F700DE65EA /* XHPathCover.h */,
				2C3C3AD81B6640F700DE65EA /* XHPathCover.m */,
				2C3C3AD91B6640F700DE65EA /* XHSoundManager.h */,
				2C3C3ADA1B6640F700DE65EA /* XHSoundManager.m */,
				2C3C3ADB1B6640F700DE65EA /* XHWaterDropRefresh.h */,
				2C3C3ADC1B6640F700DE65EA /* XHWaterDropRefresh.m */,
			);
			name = PathCover;
			sourceTree = "<group>";
		};
		2CBEF93C1B6468C600573B3B = {
			isa = PBXGroup;
			children = (
				2CBEF95F1B646BB800573B3B /* Podfile */,
				2CBEF9471B6468C600573B3B /* chongwuguanjia */,
				2CBEF9461B6468C600573B3B /* Products */,
				9ABB1DA8B74822526F0EC56B /* Pods */,
				86A7DEDBF0AE949434A2DBB6 /* Frameworks */,
			);
			sourceTree = "<group>";
		};
		2CBEF9461B6468C600573B3B /* Products */ = {
			isa = PBXGroup;
			children = (
				2CBEF9451B6468C600573B3B /* chongwuguanjia.app */,
			);
			name = Products;
			sourceTree = "<group>";
		};
		2CBEF9471B6468C600573B3B /* chongwuguanjia */ = {
			isa = PBXGroup;
			children = (
				2C3C3AD61B6640DD00DE65EA /* PathCover */,
				2C3C3AD51B6640C600DE65EA /* ProgressHUD */,
				2C3C3AAB1B66402800DE65EA /* MJRefresh */,
				2CBEF9481B6468C600573B3B /* AppDelegate.swift */,
				2CBEF95D1B6469EC00573B3B /* PetsViewController.swift */,
				2C9E6C751B6479CB009FD9D1 /* WebViewController.swift */,
				2C3C3AE01B66422000DE65EA /* MsgTableViewController.swift */,
				2CBEF94A1B6468C600573B3B /* ViewController.swift */,
				2CBEF94C1B6468C600573B3B /* Main.storyboard */,
				2CBEF9521B6468C600573B3B /* Assets.xcassets */,
				2CBEF9541B6468C600573B3B /* LaunchScreen.storyboard */,
				2CBEF9571B6468C600573B3B /* Info.plist */,
				2CBEF94F1B6468C600573B3B /* chongwuguanjia.xcdatamodeld */,
				2CBEF9611B646D3400573B3B /* chongwuguanjia-Bridging-Header.h */,
			);
			path = chongwuguanjia;
			sourceTree = "<group>";
		};
		86A7DEDBF0AE949434A2DBB6 /* Frameworks */ = {
			isa = PBXGroup;
			children = (
				6BACF9AF579F1E89D438F0DD /* libPods.a */,
			);
			name = Frameworks;
			sourceTree = "<group>";
		};
		9ABB1DA8B74822526F0EC56B /* Pods */ = {
			isa = PBXGroup;
			children = (
				13B4545A2AAA8159E804AC82 /* Pods.debug.xcconfig */,
				902AB8479792052A90F09A87 /* Pods.release.xcconfig */,
			);
			name = Pods;
			sourceTree = "<group>";
		};
/* End PBXGroup section */

/* Begin PBXNativeTarget section */
		2CBEF9441B6468C600573B3B /* chongwuguanjia */ = {
			isa = PBXNativeTarget;
			buildConfigurationList = 2CBEF95A1B6468C600573B3B /* Build configuration list for PBXNativeTarget "chongwuguanjia" */;
			buildPhases = (
				95E282FD579F496AC74C22BF /* Check Pods Manifest.lock */,
				2CBEF9411B6468C600573B3B /* Sources */,
				2CBEF9421B6468C600573B3B /* Frameworks */,
				2CBEF9431B6468C600573B3B /* Resources */,
				79AF7E08B90BEBE7C3233DE2 /* Copy Pods Resources */,
			);
			buildRules = (
			);
			dependencies = (
			);
			name = chongwuguanjia;
			productName = chongwuguanjia;
			productReference = 2CBEF9451B6468C600573B3B /* chongwuguanjia.app */;
			productType = "com.apple.product-type.application";
		};
/* End PBXNativeTarget section */

/* Begin PBXProject section */
		2CBEF93D1B6468C600573B3B /* Project object */ = {
			isa = PBXProject;
			attributes = {
				LastSwiftUpdateCheck = 0700;
				LastUpgradeCheck = 0700;
				ORGANIZATIONNAME = lyj;
				TargetAttributes = {
					2CBEF9441B6468C600573B3B = {
						CreatedOnToolsVersion = 7.0;
					};
				};
			};
			buildConfigurationList = 2CBEF9401B6468C600573B3B /* Build configuration list for PBXProject "chongwuguanjia" */;
			compatibilityVersion = "Xcode 3.2";
			developmentRegion = English;
			hasScannedForEncodings = 0;
			knownRegions = (
				en,
				Base,
			);
			mainGroup = 2CBEF93C1B6468C600573B3B;
			productRefGroup = 2CBEF9461B6468C600573B3B /* Products */;
			projectDirPath = "";
			projectRoot = "";
			targets = (
				2CBEF9441B6468C600573B3B /* chongwuguanjia */,
			);
		};
/* End PBXProject section */

/* Begin PBXResourcesBuildPhase section */
		2CBEF9431B6468C600573B3B /* Resources */ = {
			isa = PBXResourcesBuildPhase;
			buildActionMask = 2147483647;
			files = (
				2CBEF9561B6468C600573B3B /* LaunchScreen.storyboard in Resources */,
				2CBEF9531B6468C600573B3B /* Assets.xcassets in Resources */,
				2C3C3AD41B66409800DE65EA /* ProgressHUD.bundle in Resources */,
				2CBEF9601B646BB800573B3B /* Podfile in Resources */,
				2C3C3ACF1B66407600DE65EA /* MJRefresh.bundle in Resources */,
				2CBEF94E1B6468C600573B3B /* Main.storyboard in Resources */,
			);
			runOnlyForDeploymentPostprocessing = 0;
		};
/* End PBXResourcesBuildPhase section */

/* Begin PBXShellScriptBuildPhase section */
		79AF7E08B90BEBE7C3233DE2 /* Copy Pods Resources */ = {
			isa = PBXShellScriptBuildPhase;
			buildActionMask = 2147483647;
			files = (
			);
			inputPaths = (
			);
			name = "Copy Pods Resources";
			outputPaths = (
			);
			runOnlyForDeploymentPostprocessing = 0;
			shellPath = /bin/sh;
			shellScript = "\"${SRCROOT}/Pods/Target Support Files/Pods/Pods-resources.sh\"\n";
			showEnvVarsInLog = 0;
		};
		95E282FD579F496AC74C22BF /* Check Pods Manifest.lock */ = {
			isa = PBXShellScriptBuildPhase;
			buildActionMask = 2147483647;
			files = (
			);
			inputPaths = (
			);
			name = "Check Pods Manifest.lock";
			outputPaths = (
			);
			runOnlyForDeploymentPostprocessing = 0;
			shellPath = /bin/sh;
			shellScript = "diff \"${PODS_ROOT}/../Podfile.lock\" \"${PODS_ROOT}/Manifest.lock\" > /dev/null\nif [[ $? != 0 ]] ; then\n    cat << EOM\nerror: The sandbox is not in sync with the Podfile.lock. Run 'pod install' or update your CocoaPods installation.\nEOM\n    exit 1\nfi\n";
			showEnvVarsInLog = 0;
		};
/* End PBXShellScriptBuildPhase section */

/* Begin PBXSourcesBuildPhase section */
		2CBEF9411B6468C600573B3B /* Sources */ = {
			isa = PBXSourcesBuildPhase;
			buildActionMask = 2147483647;
			files = (
				2CBEF9511B6468C600573B3B /* chongwuguanjia.xcdatamodeld in Sources */,
				2C3C3AC51B66406500DE65EA /* MJRefreshFooter.m in Sources */,
				2C3C3ACB1B66406500DE65EA /* UIScrollView+MJExtension.m in Sources */,
				2C3C3AC61B66406500DE65EA /* MJRefreshGifFooter.m in Sources */,
				2CBEF94B1B6468C600573B3B /* ViewController.swift in Sources */,
				2C3C3AD31B66409800DE65EA /* ProgressHUD.m in Sources */,
				2C3C3AC31B66406500DE65EA /* MJRefreshComponent.m in Sources */,
				2C3C3ACA1B66406500DE65EA /* MJRefreshLegendHeader.m in Sources */,
				2C3C3ACD1B66406500DE65EA /* UIView+MJExtension.m in Sources */,
				2C3C3AC41B66406500DE65EA /* MJRefreshConst.m in Sources */,
				2C3C3ACC1B66406500DE65EA /* UIScrollView+MJRefresh.m in Sources */,
				2CBEF95E1B6469EC00573B3B /* PetsViewController.swift in Sources */,
				2C3C3ADD1B6640F700DE65EA /* XHPathCover.m in Sources */,
				2C9E6C761B6479CB009FD9D1 /* WebViewController.swift in Sources */,
				2C3C3AC71B66406500DE65EA /* MJRefreshGifHeader.m in Sources */,
				2CBEF9491B6468C600573B3B /* AppDelegate.swift in Sources */,
				2C3C3AE11B66422000DE65EA /* MsgTableViewController.swift in Sources */,
				2C3C3ADE1B6640F700DE65EA /* XHSoundManager.m in Sources */,
				2C3C3AC91B66406500DE65EA /* MJRefreshLegendFooter.m in Sources */,
				2C3C3ADF1B6640F700DE65EA /* XHWaterDropRefresh.m in Sources */,
				2C3C3AC81B66406500DE65EA /* MJRefreshHeader.m in Sources */,
			);
			runOnlyForDeploymentPostprocessing = 0;
		};
/* End PBXSourcesBuildPhase section */

/* Begin PBXVariantGroup section */
		2CBEF94C1B6468C600573B3B /* Main.storyboard */ = {
			isa = PBXVariantGroup;
			children = (
				2CBEF94D1B6468C600573B3B /* Base */,
			);
			name = Main.storyboard;
			sourceTree = "<group>";
		};
		2CBEF9541B6468C600573B3B /* LaunchScreen.storyboard */ = {
			isa = PBXVariantGroup;
			children = (
				2CBEF9551B6468C600573B3B /* Base */,
			);
			name = LaunchScreen.storyboard;
			sourceTree = "<group>";
		};
/* End PBXVariantGroup section */

/* Begin XCBuildConfiguration section */
		2CBEF9581B6468C600573B3B /* Debug */ = {
			isa = XCBuildConfiguration;
			buildSettings = {
				ALWAYS_SEARCH_USER_PATHS = NO;
				CLANG_CXX_LANGUAGE_STANDARD = "gnu++0x";
				CLANG_CXX_LIBRARY = "libc++";
				CLANG_ENABLE_MODULES = YES;
				CLANG_ENABLE_OBJC_ARC = YES;
				CLANG_WARN_BOOL_CONVERSION = YES;
				CLANG_WARN_CONSTANT_CONVERSION = YES;
				CLANG_WARN_DIRECT_OBJC_ISA_USAGE = YES_ERROR;
				CLANG_WARN_EMPTY_BODY = YES;
				CLANG_WARN_ENUM_CONVERSION = YES;
				CLANG_WARN_INT_CONVERSION = YES;
				CLANG_WARN_OBJC_ROOT_CLASS = YES_ERROR;
				CLANG_WARN_UNREACHABLE_CODE = YES;
				CLANG_WARN__DUPLICATE_METHOD_MATCH = YES;
				"CODE_SIGN_IDENTITY[sdk=iphoneos*]" = "iPhone Developer";
				COPY_PHASE_STRIP = NO;
				DEBUG_INFORMATION_FORMAT = dwarf;
				ENABLE_STRICT_OBJC_MSGSEND = YES;
				ENABLE_TESTABILITY = YES;
				GCC_C_LANGUAGE_STANDARD = gnu99;
				GCC_DYNAMIC_NO_PIC = NO;
				GCC_NO_COMMON_BLOCKS = YES;
				GCC_OPTIMIZATION_LEVEL = 0;
				GCC_PREPROCESSOR_DEFINITIONS = (
					"DEBUG=1",
					"$(inherited)",
				);
				GCC_WARN_64_TO_32_BIT_CONVERSION = YES;
				GCC_WARN_ABOUT_RETURN_TYPE = YES_ERROR;
				GCC_WARN_UNDECLARED_SELECTOR = YES;
				GCC_WARN_UNINITIALIZED_AUTOS = YES_AGGRESSIVE;
				GCC_WARN_UNUSED_FUNCTION = YES;
				GCC_WARN_UNUSED_VARIABLE = YES;
				IPHONEOS_DEPLOYMENT_TARGET = 9.0;
				MTL_ENABLE_DEBUG_INFO = YES;
				ONLY_ACTIVE_ARCH = YES;
				SDKROOT = iphoneos;
				SWIFT_OPTIMIZATION_LEVEL = "-Onone";
			};
			name = Debug;
		};
		2CBEF9591B6468C600573B3B /* Release */ = {
			isa = XCBuildConfiguration;
			buildSettings = {
				ALWAYS_SEARCH_USER_PATHS = NO;
				CLANG_CXX_LANGUAGE_STANDARD = "gnu++0x";
				CLANG_CXX_LIBRARY = "libc++";
				CLANG_ENABLE_MODULES = YES;
				CLANG_ENABLE_OBJC_ARC = YES;
				CLANG_WARN_BOOL_CONVERSION = YES;
				CLANG_WARN_CONSTANT_CONVERSION = YES;
				CLANG_WARN_DIRECT_OBJC_ISA_USAGE = YES_ERROR;
				CLANG_WARN_EMPTY_BODY = YES;
				CLANG_WARN_ENUM_CONVERSION = YES;
				CLANG_WARN_INT_CONVERSION = YES;
				CLANG_WARN_OBJC_ROOT_CLASS = YES_ERROR;
				CLANG_WARN_UNREACHABLE_CODE = YES;
				CLANG_WARN__DUPLICATE_METHOD_MATCH = YES;
				"CODE_SIGN_IDENTITY[sdk=iphoneos*]" = "iPhone Developer";
				COPY_PHASE_STRIP = NO;
				DEBUG_INFORMATION_FORMAT = "dwarf-with-dsym";
				ENABLE_NS_ASSERTIONS = NO;
				ENABLE_STRICT_OBJC_MSGSEND = YES;
				GCC_C_LANGUAGE_STANDARD = gnu99;
				GCC_NO_COMMON_BLOCKS = YES;
				GCC_WARN_64_TO_32_BIT_CONVERSION = YES;
				GCC_WARN_ABOUT_RETURN_TYPE = YES_ERROR;
				GCC_WARN_UNDECLARED_SELECTOR = YES;
				GCC_WARN_UNINITIALIZED_AUTOS = YES_AGGRESSIVE;
				GCC_WARN_UNUSED_FUNCTION = YES;
				GCC_WARN_UNUSED_VARIABLE = YES;
				IPHONEOS_DEPLOYMENT_TARGET = 9.0;
				MTL_ENABLE_DEBUG_INFO = NO;
				SDKROOT = iphoneos;
				VALIDATE_PRODUCT = YES;
			};
			name = Release;
		};
		2CBEF95B1B6468C600573B3B /* Debug */ = {
			isa = XCBuildConfiguration;
			baseConfigurationReference = 13B4545A2AAA8159E804AC82 /* Pods.debug.xcconfig */;
			buildSettings = {
				ASSETCATALOG_COMPILER_APPICON_NAME = AppIcon;
				CLANG_ENABLE_MODULES = YES;
				INFOPLIST_FILE = chongwuguanjia/Info.plist;
				LD_RUNPATH_SEARCH_PATHS = "$(inherited) @executable_path/Frameworks";
				PRODUCT_BUNDLE_IDENTIFIER = blq.chongwuguanjia;
				PRODUCT_NAME = "$(TARGET_NAME)";
				SWIFT_OBJC_BRIDGING_HEADER = "chongwuguanjia/chongwuguanjia-Bridging-Header.h";
				SWIFT_OPTIMIZATION_LEVEL = "-Onone";
			};
			name = Debug;
		};
		2CBEF95C1B6468C600573B3B /* Release */ = {
			isa = XCBuildConfiguration;
			baseConfigurationReference = 902AB8479792052A90F09A87 /* Pods.release.xcconfig */;
			buildSettings = {
				ASSETCATALOG_COMPILER_APPICON_NAME = AppIcon;
				CLANG_ENABLE_MODULES = YES;
				INFOPLIST_FILE = chongwuguanjia/Info.plist;
				LD_RUNPATH_SEARCH_PATHS = "$(inherited) @executable_path/Frameworks";
				PRODUCT_BUNDLE_IDENTIFIER = blq.chongwuguanjia;
				PRODUCT_NAME = "$(TARGET_NAME)";
				SWIFT_OBJC_BRIDGING_HEADER = "chongwuguanjia/chongwuguanjia-Bridging-Header.h";
			};
			name = Release;
		};
/* End XCBuildConfiguration section */

/* Begin XCConfigurationList section */
		2CBEF9401B6468C600573B3B /* Build configuration list for PBXProject "chongwuguanjia" */ = {
			isa = XCConfigurationList;
			buildConfigurations = (
				2CBEF9581B6468C600573B3B /* Debug */,
				2CBEF9591B6468C600573B3B /* Release */,
			);
			defaultConfigurationIsVisible = 0;
			defaultConfigurationName = Release;
		};
		2CBEF95A1B6468C600573B3B /* Build configuration list for PBXNativeTarget "chongwuguanjia" */ = {
			isa = XCConfigurationList;
			buildConfigurations = (
				2CBEF95B1B6468C600573B3B /* Debug */,
				2CBEF95C1B6468C600573B3B /* Release */,
			);
			defaultConfigurationIsVisible = 0;
			defaultConfigurationName = Release;
		};
/* End XCConfigurationList section */

/* Begin XCVersionGroup section */
		2CBEF94F1B6468C600573B3B /* chongwuguanjia.xcdatamodeld */ = {
			isa = XCVersionGroup;
			children = (
				2CBEF9501B6468C600573B3B /* chongwuguanjia.xcdatamodel */,
			);
			currentVersion = 2CBEF9501B6468C600573B3B /* chongwuguanjia.xcdatamodel */;
			path = chongwuguanjia.xcdatamodeld;
			sourceTree = "<group>";
			versionGroupType = wrapper.xcdatamodel;
		};
/* End XCVersionGroup section */
	};
	rootObject = 2CBEF93D1B6468C600573B3B /* Project object */;
}
